
Microsoft Visual Studio Solution File, Format Version 12.00
# Visual Studio Version 16
VisualStudioVersion = 16.0.30503.244
MinimumVisualStudioVersion = 10.0.40219.1
Project("{FAE04EC0-301F-11D3-BF4B-00C04F79EFBC}") = "SDM-Assignment 4 Test Cases", "SDM-Assignment 4 Test Cases\SDM-Assignment 4 Test Cases.csproj", "{6AC71178-E534-4686-AD21-823A82C759E7}"
EndProject
Project("{FAE04EC0-301F-11D3-BF4B-00C04F79EFBC}") = "SDM-Assignment 4 Test Cases Unit Tests", "SDM-Assignment 4 Test Cases Unit Tests\SDM-Assignment 4 Test Cases Unit Tests.csproj", "{C0BDE86D-98AC-4D15-847E-01272B6F58B6}"
EndProject
Global
	GlobalSection(SolutionConfigurationPlatforms) = preSolution
		Debug|Any CPU = Debug|Any CPU
		Release|Any CPU = Release|Any CPU
	EndGlobalSection
	GlobalSection(ProjectConfigurationPlatforms) = postSolution
		{6AC71178-E534-4686-AD21-823A82C759E7}.Debug|Any CPU.ActiveCfg = Debug|Any CPU
		{6AC71178-E534-4686-AD21-823A82C759E7}.Debug|Any CPU.Build.0 = Debug|Any CPU
		{6AC71178-E534-4686-AD21-823A82C759E7}.Release|Any CPU.ActiveCfg = Release|Any CPU
		{6AC71178-E534-4686-AD21-823A82C759E7}.Release|Any CPU.Build.0 = Release|Any CPU
		{C0BDE86D-98AC-4D15-847E-01272B6F58B6}.Debug|Any CPU.ActiveCfg = Debug|Any CPU
		{C0BDE86D-98AC-4D15-847E-01272B6F58B6}.Debug|Any CPU.Build.0 = Debug|Any CPU
		{C0BDE86D-98AC-4D15-847E-01272B6F58B6}.Release|Any CPU.ActiveCfg = Release|Any CPU
		{C0BDE86D-98AC-4D15-847E-01272B6F58B6}.Release|Any CPU.Build.0 = Release|Any CPU
	EndGlobalSection
	GlobalSection(SolutionProperties) = preSolution
		HideSolutionNode = FALSE
	EndGlobalSection
	GlobalSection(ExtensibilityGlobals) = postSolution
		SolutionGuid = {44F1CBDD-6E4C-484F-8871-2C5168E940A6}
	EndGlobalSection
EndGlobal
